
Microsoft Visual Studio Solution File, Format Version 12.00
# Visual Studio 15
VisualStudioVersion = 15.0.28307.271
MinimumVisualStudioVersion = 10.0.40219.1
Project("{FAE04EC0-301F-11D3-BF4B-00C04F79EFBC}") = "StaticCodeAnalysisClientLib", "StaticCodeAnalyser\StaticCodeAnalysisClientLib.csproj", "{68062363-BC66-4A31-8013-41B008975E48}"
EndProject
Project("{FAE04EC0-301F-11D3-BF4B-00C04F79EFBC}") = "StaticCodeAnalysisControllerLib", "StaticCodeAnalysisController\StaticCodeAnalysisControllerLib.csproj", "{AA433E64-C747-4E03-BF36-B075C0A68021}"
EndProject
Project("{FAE04EC0-301F-11D3-BF4B-00C04F79EFBC}") = "StaticCodeAnalysisToolContractLib", "StaticCodeAnalysisToolContractLib\StaticCodeAnalysisToolContractLib.csproj", "{2E423122-1768-413C-B473-04F1EC6E2E44}"
EndProject
Project("{FAE04EC0-301F-11D3-BF4B-00C04F79EFBC}") = "StaticCodeAnalysisPMDToolLib", "StaticCodeAnalysisPMDToolLib\StaticCodeAnalysisPMDToolLib.csproj", "{6BDEB7FD-2DDC-447D-9D86-2DB6A2DE376E}"
EndProject
Project("{FAE04EC0-301F-11D3-BF4B-00C04F79EFBC}") = "StaticCodeAnalysisReportsCSVMergerLib", "StaticCodeAnalysisReportsCSVMerger\StaticCodeAnalysisReportsCSVMergerLib.csproj", "{70F83F56-6F6F-4613-BC77-4B6732BB8F2A}"
EndProject
Project("{FAE04EC0-301F-11D3-BF4B-00C04F79EFBC}") = "StaticCodeAnalysisToolParserContractLib", "IStaticCodeAnalysisToolParser\StaticCodeAnalysisToolParserContractLib.csproj", "{3413D4C5-6D06-4814-A53E-27783D7437DC}"
EndProject
Project("{FAE04EC0-301F-11D3-BF4B-00C04F79EFBC}") = "PMDReportParserLib", "PMDReportParserLib\PMDReportParserLib.csproj", "{8F857967-73BE-44EC-AB01-9E5316170123}"
EndProject
Project("{FAE04EC0-301F-11D3-BF4B-00C04F79EFBC}") = "StaticCodeAnalysisSchedulerLib", "StaticCodeAnalysisSchedulerLib\StaticCodeAnalysisSchedulerLib.csproj", "{9004CC6A-E575-415D-8913-0726C7970983}"
EndProject
Project("{FAE04EC0-301F-11D3-BF4B-00C04F79EFBC}") = "StaticCodeAnalysisGatingWebService", "StaticCodeAnalysisGatingWebService\StaticCodeAnalysisGatingWebService.csproj", "{92D06BE3-72D3-443B-A3CB-996CD411198B}"
EndProject
Project("{FAE04EC0-301F-11D3-BF4B-00C04F79EFBC}") = "StaticCodeAnalysisToolsWebService", "StaticCodeAnalysisToolsWebService\StaticCodeAnalysisToolsWebService.csproj", "{0AAF04BA-BC79-471C-8A18-7317201E52AB}"
EndProject
Project("{FAE04EC0-301F-11D3-BF4B-00C04F79EFBC}") = "StaticCodeAnalysisLib.Tests", "StaticCodeAnalysisLib.Tests\StaticCodeAnalysisLib.Tests.csproj", "{36587310-A3A8-44DC-906B-D13BDF0514F7}"
EndProject
Project("{FAE04EC0-301F-11D3-BF4B-00C04F79EFBC}") = "StaticCodeAnalysisWebServicesLib.Tests", "StaticCodeAnalysisWebServicesLib.Tests\StaticCodeAnalysisWebServicesLib.Tests.csproj", "{B38CDD6B-75B7-4571-BEFB-B75396E50FAF}"
EndProject
Project("{FAE04EC0-301F-11D3-BF4B-00C04F79EFBC}") = "StaticCodeAnalysisGatingServiceLib.Tests", "StaticCodeAnalysisGatingServiceLib.Tests\StaticCodeAnalysisGatingServiceLib.Tests.csproj", "{511E2DAE-6242-4382-B842-BF854EA08702}"
EndProject
Global
	GlobalSection(SolutionConfigurationPlatforms) = preSolution
		Debug|Any CPU = Debug|Any CPU
		Release|Any CPU = Release|Any CPU
	EndGlobalSection
	GlobalSection(ProjectConfigurationPlatforms) = postSolution
		{68062363-BC66-4A31-8013-41B008975E48}.Debug|Any CPU.ActiveCfg = Debug|Any CPU
		{68062363-BC66-4A31-8013-41B008975E48}.Debug|Any CPU.Build.0 = Debug|Any CPU
		{68062363-BC66-4A31-8013-41B008975E48}.Release|Any CPU.ActiveCfg = Release|Any CPU
		{68062363-BC66-4A31-8013-41B008975E48}.Release|Any CPU.Build.0 = Release|Any CPU
		{AA433E64-C747-4E03-BF36-B075C0A68021}.Debug|Any CPU.ActiveCfg = Debug|Any CPU
		{AA433E64-C747-4E03-BF36-B075C0A68021}.Debug|Any CPU.Build.0 = Debug|Any CPU
		{AA433E64-C747-4E03-BF36-B075C0A68021}.Release|Any CPU.ActiveCfg = Release|Any CPU
		{AA433E64-C747-4E03-BF36-B075C0A68021}.Release|Any CPU.Build.0 = Release|Any CPU
		{2E423122-1768-413C-B473-04F1EC6E2E44}.Debug|Any CPU.ActiveCfg = Debug|Any CPU
		{2E423122-1768-413C-B473-04F1EC6E2E44}.Debug|Any CPU.Build.0 = Debug|Any CPU
		{2E423122-1768-413C-B473-04F1EC6E2E44}.Release|Any CPU.ActiveCfg = Release|Any CPU
		{2E423122-1768-413C-B473-04F1EC6E2E44}.Release|Any CPU.Build.0 = Release|Any CPU
		{6BDEB7FD-2DDC-447D-9D86-2DB6A2DE376E}.Debug|Any CPU.ActiveCfg = Debug|Any CPU
		{6BDEB7FD-2DDC-447D-9D86-2DB6A2DE376E}.Debug|Any CPU.Build.0 = Debug|Any CPU
		{6BDEB7FD-2DDC-447D-9D86-2DB6A2DE376E}.Release|Any CPU.ActiveCfg = Release|Any CPU
		{6BDEB7FD-2DDC-447D-9D86-2DB6A2DE376E}.Release|Any CPU.Build.0 = Release|Any CPU
		{70F83F56-6F6F-4613-BC77-4B6732BB8F2A}.Debug|Any CPU.ActiveCfg = Debug|Any CPU
		{70F83F56-6F6F-4613-BC77-4B6732BB8F2A}.Debug|Any CPU.Build.0 = Debug|Any CPU
		{70F83F56-6F6F-4613-BC77-4B6732BB8F2A}.Release|Any CPU.ActiveCfg = Release|Any CPU
		{70F83F56-6F6F-4613-BC77-4B6732BB8F2A}.Release|Any CPU.Build.0 = Release|Any CPU
		{3413D4C5-6D06-4814-A53E-27783D7437DC}.Debug|Any CPU.ActiveCfg = Debug|Any CPU
		{3413D4C5-6D06-4814-A53E-27783D7437DC}.Debug|Any CPU.Build.0 = Debug|Any CPU
		{3413D4C5-6D06-4814-A53E-27783D7437DC}.Release|Any CPU.ActiveCfg = Release|Any CPU
		{3413D4C5-6D06-4814-A53E-27783D7437DC}.Release|Any CPU.Build.0 = Release|Any CPU
		{8F857967-73BE-44EC-AB01-9E5316170123}.Debug|Any CPU.ActiveCfg = Debug|Any CPU
		{8F857967-73BE-44EC-AB01-9E5316170123}.Debug|Any CPU.Build.0 = Debug|Any CPU
		{8F857967-73BE-44EC-AB01-9E5316170123}.Release|Any CPU.ActiveCfg = Release|Any CPU
		{8F857967-73BE-44EC-AB01-9E5316170123}.Release|Any CPU.Build.0 = Release|Any CPU
		{9004CC6A-E575-415D-8913-0726C7970983}.Debug|Any CPU.ActiveCfg = Debug|Any CPU
		{9004CC6A-E575-415D-8913-0726C7970983}.Debug|Any CPU.Build.0 = Debug|Any CPU
		{9004CC6A-E575-415D-8913-0726C7970983}.Release|Any CPU.ActiveCfg = Release|Any CPU
		{9004CC6A-E575-415D-8913-0726C7970983}.Release|Any CPU.Build.0 = Release|Any CPU
		{92D06BE3-72D3-443B-A3CB-996CD411198B}.Debug|Any CPU.ActiveCfg = Debug|Any CPU
		{92D06BE3-72D3-443B-A3CB-996CD411198B}.Debug|Any CPU.Build.0 = Debug|Any CPU
		{92D06BE3-72D3-443B-A3CB-996CD411198B}.Release|Any CPU.ActiveCfg = Release|Any CPU
		{92D06BE3-72D3-443B-A3CB-996CD411198B}.Release|Any CPU.Build.0 = Release|Any CPU
		{0AAF04BA-BC79-471C-8A18-7317201E52AB}.Debug|Any CPU.ActiveCfg = Debug|Any CPU
		{0AAF04BA-BC79-471C-8A18-7317201E52AB}.Debug|Any CPU.Build.0 = Debug|Any CPU
		{0AAF04BA-BC79-471C-8A18-7317201E52AB}.Release|Any CPU.ActiveCfg = Release|Any CPU
		{0AAF04BA-BC79-471C-8A18-7317201E52AB}.Release|Any CPU.Build.0 = Release|Any CPU
		{36587310-A3A8-44DC-906B-D13BDF0514F7}.Debug|Any CPU.ActiveCfg = Debug|Any CPU
		{36587310-A3A8-44DC-906B-D13BDF0514F7}.Debug|Any CPU.Build.0 = Debug|Any CPU
		{36587310-A3A8-44DC-906B-D13BDF0514F7}.Release|Any CPU.ActiveCfg = Release|Any CPU
		{36587310-A3A8-44DC-906B-D13BDF0514F7}.Release|Any CPU.Build.0 = Release|Any CPU
		{B38CDD6B-75B7-4571-BEFB-B75396E50FAF}.Debug|Any CPU.ActiveCfg = Debug|Any CPU
		{B38CDD6B-75B7-4571-BEFB-B75396E50FAF}.Debug|Any CPU.Build.0 = Debug|Any CPU
		{B38CDD6B-75B7-4571-BEFB-B75396E50FAF}.Release|Any CPU.ActiveCfg = Release|Any CPU
		{B38CDD6B-75B7-4571-BEFB-B75396E50FAF}.Release|Any CPU.Build.0 = Release|Any CPU
		{511E2DAE-6242-4382-B842-BF854EA08702}.Debug|Any CPU.ActiveCfg = Debug|Any CPU
		{511E2DAE-6242-4382-B842-BF854EA08702}.Debug|Any CPU.Build.0 = Debug|Any CPU
		{511E2DAE-6242-4382-B842-BF854EA08702}.Release|Any CPU.ActiveCfg = Release|Any CPU
		{511E2DAE-6242-4382-B842-BF854EA08702}.Release|Any CPU.Build.0 = Release|Any CPU
	EndGlobalSection
	GlobalSection(SolutionProperties) = preSolution
		HideSolutionNode = FALSE
	EndGlobalSection
	GlobalSection(ExtensibilityGlobals) = postSolution
		SolutionGuid = {48832277-20B9-4C10-9AF0-02B4379AB713}
	EndGlobalSection
EndGlobal
